// !$*UTF8*$!
{
	archiveVersion = 1;
	classes = {
	};
	objectVersion = 55;
	objects = {

/* Begin PBXBuildFile section */
		A156911E28AEB3150001D5DE /* AppDelegate.swift in Sources */ = {isa = PBXBuildFile; fileRef = A156911D28AEB3150001D5DE /* AppDelegate.swift */; };
		A156912028AEB3150001D5DE /* SceneDelegate.swift in Sources */ = {isa = PBXBuildFile; fileRef = A156911F28AEB3150001D5DE /* SceneDelegate.swift */; };
		A156912728AEB3170001D5DE /* Assets.xcassets in Resources */ = {isa = PBXBuildFile; fileRef = A156912628AEB3170001D5DE /* Assets.xcassets */; };
		A156912A28AEB3170001D5DE /* LaunchScreen.storyboard in Resources */ = {isa = PBXBuildFile; fileRef = A156912828AEB3170001D5DE /* LaunchScreen.storyboard */; };
		A156913528AEB3170001D5DE /* GBShopTests.swift in Sources */ = {isa = PBXBuildFile; fileRef = A156913428AEB3170001D5DE /* GBShopTests.swift */; };
		A156913F28AEB3170001D5DE /* GBShopUITests.swift in Sources */ = {isa = PBXBuildFile; fileRef = A156913E28AEB3170001D5DE /* GBShopUITests.swift */; };
		A156914128AEB3170001D5DE /* GBShopUITestsLaunchTests.swift in Sources */ = {isa = PBXBuildFile; fileRef = A156914028AEB3170001D5DE /* GBShopUITestsLaunchTests.swift */; };
/* End PBXBuildFile section */

/* Begin PBXContainerItemProxy section */
		A156913128AEB3170001D5DE /* PBXContainerItemProxy */ = {
			isa = PBXContainerItemProxy;
			containerPortal = A156911228AEB3150001D5DE /* Project object */;
			proxyType = 1;
			remoteGlobalIDString = A156911928AEB3150001D5DE;
			remoteInfo = GBShop;
		};
		A156913B28AEB3170001D5DE /* PBXContainerItemProxy */ = {
			isa = PBXContainerItemProxy;
			containerPortal = A156911228AEB3150001D5DE /* Project object */;
			proxyType = 1;
			remoteGlobalIDString = A156911928AEB3150001D5DE;
			remoteInfo = GBShop;
		};
/* End PBXContainerItemProxy section */

/* Begin PBXFileReference section */
		A156911A28AEB3150001D5DE /* GBShop.app */ = {isa = PBXFileReference; explicitFileType = wrapper.application; includeInIndex = 0; path = GBShop.app; sourceTree = BUILT_PRODUCTS_DIR; };
		A156911D28AEB3150001D5DE /* AppDelegate.swift */ = {isa = PBXFileReference; lastKnownFileType = sourcecode.swift; path = AppDelegate.swift; sourceTree = "<group>"; };
		A156911F28AEB3150001D5DE /* SceneDelegate.swift */ = {isa = PBXFileReference; lastKnownFileType = sourcecode.swift; path = SceneDelegate.swift; sourceTree = "<group>"; };
		A156912628AEB3170001D5DE /* Assets.xcassets */ = {isa = PBXFileReference; lastKnownFileType = folder.assetcatalog; path = Assets.xcassets; sourceTree = "<group>"; };
		A156912928AEB3170001D5DE /* Base */ = {isa = PBXFileReference; lastKnownFileType = file.storyboard; name = Base; path = Base.lproj/LaunchScreen.storyboard; sourceTree = "<group>"; };
		A156912B28AEB3170001D5DE /* Info.plist */ = {isa = PBXFileReference; lastKnownFileType = text.plist.xml; path = Info.plist; sourceTree = "<group>"; };
		A156913028AEB3170001D5DE /* GBShopTests.xctest */ = {isa = PBXFileReference; explicitFileType = wrapper.cfbundle; includeInIndex = 0; path = GBShopTests.xctest; sourceTree = BUILT_PRODUCTS_DIR; };
		A156913428AEB3170001D5DE /* GBShopTests.swift */ = {isa = PBXFileReference; lastKnownFileType = sourcecode.swift; path = GBShopTests.swift; sourceTree = "<group>"; };
		A156913A28AEB3170001D5DE /* GBShopUITests.xctest */ = {isa = PBXFileReference; explicitFileType = wrapper.cfbundle; includeInIndex = 0; path = GBShopUITests.xctest; sourceTree = BUILT_PRODUCTS_DIR; };
		A156913E28AEB3170001D5DE /* GBShopUITests.swift */ = {isa = PBXFileReference; lastKnownFileType = sourcecode.swift; path = GBShopUITests.swift; sourceTree = "<group>"; };
		A156914028AEB3170001D5DE /* GBShopUITestsLaunchTests.swift */ = {isa = PBXFileReference; lastKnownFileType = sourcecode.swift; path = GBShopUITestsLaunchTests.swift; sourceTree = "<group>"; };
/* End PBXFileReference section */

/* Begin PBXFrameworksBuildPhase section */
		A156911728AEB3150001D5DE /* Frameworks */ = {
			isa = PBXFrameworksBuildPhase;
			buildActionMask = 2147483647;
			files = (
			);
			runOnlyForDeploymentPostprocessing = 0;
		};
		A156912D28AEB3170001D5DE /* Frameworks */ = {
			isa = PBXFrameworksBuildPhase;
			buildActionMask = 2147483647;
			files = (
			);
			runOnlyForDeploymentPostprocessing = 0;
		};
		A156913728AEB3170001D5DE /* Frameworks */ = {
			isa = PBXFrameworksBuildPhase;
			buildActionMask = 2147483647;
			files = (
			);
			runOnlyForDeploymentPostprocessing = 0;
		};
/* End PBXFrameworksBuildPhase section */

/* Begin PBXGroup section */
		A156911128AEB3150001D5DE = {
			isa = PBXGroup;
			children = (
				A156911C28AEB3150001D5DE /* GBShop */,
				A156913328AEB3170001D5DE /* GBShopTests */,
				A156913D28AEB3170001D5DE /* GBShopUITests */,
				A156911B28AEB3150001D5DE /* Products */,
			);
			sourceTree = "<group>";
		};
		A156911B28AEB3150001D5DE /* Products */ = {
			isa = PBXGroup;
			children = (
				A156911A28AEB3150001D5DE /* GBShop.app */,
				A156913028AEB3170001D5DE /* GBShopTests.xctest */,
				A156913A28AEB3170001D5DE /* GBShopUITests.xctest */,
			);
			name = Products;
			sourceTree = "<group>";
		};
		A156911C28AEB3150001D5DE /* GBShop */ = {
			isa = PBXGroup;
			children = (
				A156914D28AEBA900001D5DE /* App */,
				A19E199728AEBF9B009328B7 /* Core */,
				A156914E28AEBB530001D5DE /* Resources */,
				A156914F28AEBB660001D5DE /* Environments */,
			);
			path = GBShop;
			sourceTree = "<group>";
		};
		A156913328AEB3170001D5DE /* GBShopTests */ = {
			isa = PBXGroup;
			children = (
				A156913428AEB3170001D5DE /* GBShopTests.swift */,
			);
			path = GBShopTests;
			sourceTree = "<group>";
		};
		A156913D28AEB3170001D5DE /* GBShopUITests */ = {
			isa = PBXGroup;
			children = (
				A156913E28AEB3170001D5DE /* GBShopUITests.swift */,
				A156914028AEB3170001D5DE /* GBShopUITestsLaunchTests.swift */,
			);
			path = GBShopUITests;
			sourceTree = "<group>";
		};
		A156914D28AEBA900001D5DE /* App */ = {
			isa = PBXGroup;
			children = (
				A156911D28AEB3150001D5DE /* AppDelegate.swift */,
				A156911F28AEB3150001D5DE /* SceneDelegate.swift */,
				A19E199628AEBE82009328B7 /* BussinessLogic */,
				A19E199528AEBE34009328B7 /* Entity */,
				A19E199228AEBDD3009328B7 /* Assembly */,
				A19E199428AEBE15009328B7 /* Flows */,
			);
			path = App;
			sourceTree = "<group>";
		};
		A156914E28AEBB530001D5DE /* Resources */ = {
			isa = PBXGroup;
			children = (
				A156912628AEB3170001D5DE /* Assets.xcassets */,
				A156912828AEB3170001D5DE /* LaunchScreen.storyboard */,
			);
			path = Resources;
			sourceTree = "<group>";
		};
		A156914F28AEBB660001D5DE /* Environments */ = {
			isa = PBXGroup;
			children = (
				A156912B28AEB3170001D5DE /* Info.plist */,
			);
			path = Environments;
			sourceTree = "<group>";
		};
		A19E199228AEBDD3009328B7 /* Assembly */ = {
			isa = PBXGroup;
			children = (
			);
			path = Assembly;
			sourceTree = "<group>";
		};
		A19E199428AEBE15009328B7 /* Flows */ = {
			isa = PBXGroup;
			children = (
			);
			path = Flows;
			sourceTree = "<group>";
		};
		A19E199528AEBE34009328B7 /* Entity */ = {
			isa = PBXGroup;
			children = (
			);
			path = Entity;
			sourceTree = "<group>";
		};
		A19E199628AEBE82009328B7 /* BussinessLogic */ = {
			isa = PBXGroup;
			children = (
			);
			path = BussinessLogic;
			sourceTree = "<group>";
		};
		A19E199728AEBF9B009328B7 /* Core */ = {
			isa = PBXGroup;
			children = (
			);
			path = Core;
			sourceTree = "<group>";
		};
/* End PBXGroup section */

/* Begin PBXNativeTarget section */
		A156911928AEB3150001D5DE /* GBShop */ = {
			isa = PBXNativeTarget;
			buildConfigurationList = A156914428AEB3170001D5DE /* Build configuration list for PBXNativeTarget "GBShop" */;
			buildPhases = (
				A156911628AEB3150001D5DE /* Sources */,
				A156911728AEB3150001D5DE /* Frameworks */,
				A156911828AEB3150001D5DE /* Resources */,
			);
			buildRules = (
			);
			dependencies = (
			);
			name = GBShop;
			productName = GBShop;
			productReference = A156911A28AEB3150001D5DE /* GBShop.app */;
			productType = "com.apple.product-type.application";
		};
		A156912F28AEB3170001D5DE /* GBShopTests */ = {
			isa = PBXNativeTarget;
			buildConfigurationList = A156914728AEB3170001D5DE /* Build configuration list for PBXNativeTarget "GBShopTests" */;
			buildPhases = (
				A156912C28AEB3170001D5DE /* Sources */,
				A156912D28AEB3170001D5DE /* Frameworks */,
				A156912E28AEB3170001D5DE /* Resources */,
			);
			buildRules = (
			);
			dependencies = (
				A156913228AEB3170001D5DE /* PBXTargetDependency */,
			);
			name = GBShopTests;
			productName = GBShopTests;
			productReference = A156913028AEB3170001D5DE /* GBShopTests.xctest */;
			productType = "com.apple.product-type.bundle.unit-test";
		};
		A156913928AEB3170001D5DE /* GBShopUITests */ = {
			isa = PBXNativeTarget;
			buildConfigurationList = A156914A28AEB3170001D5DE /* Build configuration list for PBXNativeTarget "GBShopUITests" */;
			buildPhases = (
				A156913628AEB3170001D5DE /* Sources */,
				A156913728AEB3170001D5DE /* Frameworks */,
				A156913828AEB3170001D5DE /* Resources */,
			);
			buildRules = (
			);
			dependencies = (
				A156913C28AEB3170001D5DE /* PBXTargetDependency */,
			);
			name = GBShopUITests;
			productName = GBShopUITests;
			productReference = A156913A28AEB3170001D5DE /* GBShopUITests.xctest */;
			productType = "com.apple.product-type.bundle.ui-testing";
		};
/* End PBXNativeTarget section */

/* Begin PBXProject section */
		A156911228AEB3150001D5DE /* Project object */ = {
			isa = PBXProject;
			attributes = {
				BuildIndependentTargetsInParallel = 1;
				LastSwiftUpdateCheck = 1320;
				LastUpgradeCheck = 1320;
				TargetAttributes = {
					A156911928AEB3150001D5DE = {
						CreatedOnToolsVersion = 13.2.1;
					};
					A156912F28AEB3170001D5DE = {
						CreatedOnToolsVersion = 13.2.1;
						TestTargetID = A156911928AEB3150001D5DE;
					};
					A156913928AEB3170001D5DE = {
						CreatedOnToolsVersion = 13.2.1;
						TestTargetID = A156911928AEB3150001D5DE;
					};
				};
			};
			buildConfigurationList = A156911528AEB3150001D5DE /* Build configuration list for PBXProject "GBShop" */;
			compatibilityVersion = "Xcode 13.0";
			developmentRegion = en;
			hasScannedForEncodings = 0;
			knownRegions = (
				en,
				Base,
			);
			mainGroup = A156911128AEB3150001D5DE;
			productRefGroup = A156911B28AEB3150001D5DE /* Products */;
			projectDirPath = "";
			projectRoot = "";
			targets = (
				A156911928AEB3150001D5DE /* GBShop */,
				A156912F28AEB3170001D5DE /* GBShopTests */,
				A156913928AEB3170001D5DE /* GBShopUITests */,
			);
		};
/* End PBXProject section */

/* Begin PBXResourcesBuildPhase section */
		A156911828AEB3150001D5DE /* Resources */ = {
			isa = PBXResourcesBuildPhase;
			buildActionMask = 2147483647;
			files = (
				A156912A28AEB3170001D5DE /* LaunchScreen.storyboard in Resources */,
				A156912728AEB3170001D5DE /* Assets.xcassets in Resources */,
			);
			runOnlyForDeploymentPostprocessing = 0;
		};
		A156912E28AEB3170001D5DE /* Resources */ = {
			isa = PBXResourcesBuildPhase;
			buildActionMask = 2147483647;
			files = (
			);
			runOnlyForDeploymentPostprocessing = 0;
		};
		A156913828AEB3170001D5DE /* Resources */ = {
			isa = PBXResourcesBuildPhase;
			buildActionMask = 2147483647;
			files = (
			);
			runOnlyForDeploymentPostprocessing = 0;
		};
/* End PBXResourcesBuildPhase section */

/* Begin PBXSourcesBuildPhase section */
		A156911628AEB3150001D5DE /* Sources */ = {
			isa = PBXSourcesBuildPhase;
			buildActionMask = 2147483647;
			files = (
				A156911E28AEB3150001D5DE /* AppDelegate.swift in Sources */,
				A156912028AEB3150001D5DE /* SceneDelegate.swift in Sources */,
			);
			runOnlyForDeploymentPostprocessing = 0;
		};
		A156912C28AEB3170001D5DE /* Sources */ = {
			isa = PBXSourcesBuildPhase;
			buildActionMask = 2147483647;
			files = (
				A156913528AEB3170001D5DE /* GBShopTests.swift in Sources */,
			);
			runOnlyForDeploymentPostprocessing = 0;
		};
		A156913628AEB3170001D5DE /* Sources */ = {
			isa = PBXSourcesBuildPhase;
			buildActionMask = 2147483647;
			files = (
				A156913F28AEB3170001D5DE /* GBShopUITests.swift in Sources */,
				A156914128AEB3170001D5DE /* GBShopUITestsLaunchTests.swift in Sources */,
			);
			runOnlyForDeploymentPostprocessing = 0;
		};
/* End PBXSourcesBuildPhase section */

/* Begin PBXTargetDependency section */
		A156913228AEB3170001D5DE /* PBXTargetDependency */ = {
			isa = PBXTargetDependency;
			target = A156911928AEB3150001D5DE /* GBShop */;
			targetProxy = A156913128AEB3170001D5DE /* PBXContainerItemProxy */;
		};
		A156913C28AEB3170001D5DE /* PBXTargetDependency */ = {
			isa = PBXTargetDependency;
			target = A156911928AEB3150001D5DE /* GBShop */;
			targetProxy = A156913B28AEB3170001D5DE /* PBXContainerItemProxy */;
		};
/* End PBXTargetDependency section */

/* Begin PBXVariantGroup section */
		A156912828AEB3170001D5DE /* LaunchScreen.storyboard */ = {
			isa = PBXVariantGroup;
			children = (
				A156912928AEB3170001D5DE /* Base */,
			);
			name = LaunchScreen.storyboard;
			sourceTree = "<group>";
		};
/* End PBXVariantGroup section */

/* Begin XCBuildConfiguration section */
		A156914228AEB3170001D5DE /* Debug */ = {
			isa = XCBuildConfiguration;
			buildSettings = {
				ALWAYS_SEARCH_USER_PATHS = NO;
				CLANG_ANALYZER_NONNULL = YES;
				CLANG_ANALYZER_NUMBER_OBJECT_CONVERSION = YES_AGGRESSIVE;
				CLANG_CXX_LANGUAGE_STANDARD = "gnu++17";
				CLANG_CXX_LIBRARY = "libc++";
				CLANG_ENABLE_MODULES = YES;
				CLANG_ENABLE_OBJC_ARC = YES;
				CLANG_ENABLE_OBJC_WEAK = YES;
				CLANG_WARN_BLOCK_CAPTURE_AUTORELEASING = YES;
				CLANG_WARN_BOOL_CONVERSION = YES;
				CLANG_WARN_COMMA = YES;
				CLANG_WARN_CONSTANT_CONVERSION = YES;
				CLANG_WARN_DEPRECATED_OBJC_IMPLEMENTATIONS = YES;
				CLANG_WARN_DIRECT_OBJC_ISA_USAGE = YES_ERROR;
				CLANG_WARN_DOCUMENTATION_COMMENTS = YES;
				CLANG_WARN_EMPTY_BODY = YES;
				CLANG_WARN_ENUM_CONVERSION = YES;
				CLANG_WARN_INFINITE_RECURSION = YES;
				CLANG_WARN_INT_CONVERSION = YES;
				CLANG_WARN_NON_LITERAL_NULL_CONVERSION = YES;
				CLANG_WARN_OBJC_IMPLICIT_RETAIN_SELF = YES;
				CLANG_WARN_OBJC_LITERAL_CONVERSION = YES;
				CLANG_WARN_OBJC_ROOT_CLASS = YES_ERROR;
				CLANG_WARN_QUOTED_INCLUDE_IN_FRAMEWORK_HEADER = YES;
				CLANG_WARN_RANGE_LOOP_ANALYSIS = YES;
				CLANG_WARN_STRICT_PROTOTYPES = YES;
				CLANG_WARN_SUSPICIOUS_MOVE = YES;
				CLANG_WARN_UNGUARDED_AVAILABILITY = YES_AGGRESSIVE;
				CLANG_WARN_UNREACHABLE_CODE = YES;
				CLANG_WARN__DUPLICATE_METHOD_MATCH = YES;
				COPY_PHASE_STRIP = NO;
				DEBUG_INFORMATION_FORMAT = dwarf;
				ENABLE_STRICT_OBJC_MSGSEND = YES;
				ENABLE_TESTABILITY = YES;
				GCC_C_LANGUAGE_STANDARD = gnu11;
				GCC_DYNAMIC_NO_PIC = NO;
				GCC_NO_COMMON_BLOCKS = YES;
				GCC_OPTIMIZATION_LEVEL = 0;
				GCC_PREPROCESSOR_DEFINITIONS = (
					"DEBUG=1",
					"$(inherited)",
				);
				GCC_WARN_64_TO_32_BIT_CONVERSION = YES;
				GCC_WARN_ABOUT_RETURN_TYPE = YES_ERROR;
				GCC_WARN_UNDECLARED_SELECTOR = YES;
				GCC_WARN_UNINITIALIZED_AUTOS = YES_AGGRESSIVE;
				GCC_WARN_UNUSED_FUNCTION = YES;
				GCC_WARN_UNUSED_VARIABLE = YES;
				IPHONEOS_DEPLOYMENT_TARGET = 15.2;
				MTL_ENABLE_DEBUG_INFO = INCLUDE_SOURCE;
				MTL_FAST_MATH = YES;
				ONLY_ACTIVE_ARCH = YES;
				SDKROOT = iphoneos;
				SWIFT_ACTIVE_COMPILATION_CONDITIONS = DEBUG;
				SWIFT_OPTIMIZATION_LEVEL = "-Onone";
			};
			name = Debug;
		};
		A156914328AEB3170001D5DE /* Release */ = {
			isa = XCBuildConfiguration;
			buildSettings = {
				ALWAYS_SEARCH_USER_PATHS = NO;
				CLANG_ANALYZER_NONNULL = YES;
				CLANG_ANALYZER_NUMBER_OBJECT_CONVERSION = YES_AGGRESSIVE;
				CLANG_CXX_LANGUAGE_STANDARD = "gnu++17";
				CLANG_CXX_LIBRARY = "libc++";
				CLANG_ENABLE_MODULES = YES;
				CLANG_ENABLE_OBJC_ARC = YES;
				CLANG_ENABLE_OBJC_WEAK = YES;
				CLANG_WARN_BLOCK_CAPTURE_AUTORELEASING = YES;
				CLANG_WARN_BOOL_CONVERSION = YES;
				CLANG_WARN_COMMA = YES;
				CLANG_WARN_CONSTANT_CONVERSION = YES;
				CLANG_WARN_DEPRECATED_OBJC_IMPLEMENTATIONS = YES;
				CLANG_WARN_DIRECT_OBJC_ISA_USAGE = YES_ERROR;
				CLANG_WARN_DOCUMENTATION_COMMENTS = YES;
				CLANG_WARN_EMPTY_BODY = YES;
				CLANG_WARN_ENUM_CONVERSION = YES;
				CLANG_WARN_INFINITE_RECURSION = YES;
				CLANG_WARN_INT_CONVERSION = YES;
				CLANG_WARN_NON_LITERAL_NULL_CONVERSION = YES;
				CLANG_WARN_OBJC_IMPLICIT_RETAIN_SELF = YES;
				CLANG_WARN_OBJC_LITERAL_CONVERSION = YES;
				CLANG_WARN_OBJC_ROOT_CLASS = YES_ERROR;
				CLANG_WARN_QUOTED_INCLUDE_IN_FRAMEWORK_HEADER = YES;
				CLANG_WARN_RANGE_LOOP_ANALYSIS = YES;
				CLANG_WARN_STRICT_PROTOTYPES = YES;
				CLANG_WARN_SUSPICIOUS_MOVE = YES;
				CLANG_WARN_UNGUARDED_AVAILABILITY = YES_AGGRESSIVE;
				CLANG_WARN_UNREACHABLE_CODE = YES;
				CLANG_WARN__DUPLICATE_METHOD_MATCH = YES;
				COPY_PHASE_STRIP = NO;
				DEBUG_INFORMATION_FORMAT = "dwarf-with-dsym";
				ENABLE_NS_ASSERTIONS = NO;
				ENABLE_STRICT_OBJC_MSGSEND = YES;
				GCC_C_LANGUAGE_STANDARD = gnu11;
				GCC_NO_COMMON_BLOCKS = YES;
				GCC_WARN_64_TO_32_BIT_CONVERSION = YES;
				GCC_WARN_ABOUT_RETURN_TYPE = YES_ERROR;
				GCC_WARN_UNDECLARED_SELECTOR = YES;
				GCC_WARN_UNINITIALIZED_AUTOS = YES_AGGRESSIVE;
				GCC_WARN_UNUSED_FUNCTION = YES;
				GCC_WARN_UNUSED_VARIABLE = YES;
				IPHONEOS_DEPLOYMENT_TARGET = 15.2;
				MTL_ENABLE_DEBUG_INFO = NO;
				MTL_FAST_MATH = YES;
				SDKROOT = iphoneos;
				SWIFT_COMPILATION_MODE = wholemodule;
				SWIFT_OPTIMIZATION_LEVEL = "-O";
				VALIDATE_PRODUCT = YES;
			};
			name = Release;
		};
		A156914528AEB3170001D5DE /* Debug */ = {
			isa = XCBuildConfiguration;
			buildSettings = {
				ASSETCATALOG_COMPILER_APPICON_NAME = AppIcon;
				ASSETCATALOG_COMPILER_GLOBAL_ACCENT_COLOR_NAME = AccentColor;
				CODE_SIGN_STYLE = Automatic;
				CURRENT_PROJECT_VERSION = 1;
				GENERATE_INFOPLIST_FILE = YES;
				INFOPLIST_FILE = GBShop/Info.plist;
				INFOPLIST_KEY_UIApplicationSupportsIndirectInputEvents = YES;
				INFOPLIST_KEY_UILaunchStoryboardName = LaunchScreen;
				INFOPLIST_KEY_UISupportedInterfaceOrientations_iPad = "UIInterfaceOrientationPortrait UIInterfaceOrientationPortraitUpsideDown UIInterfaceOrientationLandscapeLeft UIInterfaceOrientationLandscapeRight";
				INFOPLIST_KEY_UISupportedInterfaceOrientations_iPhone = "UIInterfaceOrientationPortrait UIInterfaceOrientationLandscapeLeft UIInterfaceOrientationLandscapeRight";
				LD_RUNPATH_SEARCH_PATHS = (
					"$(inherited)",
					"@executable_path/Frameworks",
				);
				MARKETING_VERSION = 1.0;
				PRODUCT_BUNDLE_IDENTIFIER = com.Lesson.GBShop;
				PRODUCT_NAME = "$(TARGET_NAME)";
				SWIFT_EMIT_LOC_STRINGS = YES;
				SWIFT_VERSION = 5.0;
				TARGETED_DEVICE_FAMILY = "1,2";
			};
			name = Debug;
		};
		A156914628AEB3170001D5DE /* Release */ = {
			isa = XCBuildConfiguration;
			buildSettings = {
				ASSETCATALOG_COMPILER_APPICON_NAME = AppIcon;
				ASSETCATALOG_COMPILER_GLOBAL_ACCENT_COLOR_NAME = AccentColor;
				CODE_SIGN_STYLE = Automatic;
				CURRENT_PROJECT_VERSION = 1;
				GENERATE_INFOPLIST_FILE = YES;
				INFOPLIST_FILE = GBShop/Info.plist;
				INFOPLIST_KEY_UIApplicationSupportsIndirectInputEvents = YES;
				INFOPLIST_KEY_UILaunchStoryboardName = LaunchScreen;
				INFOPLIST_KEY_UISupportedInterfaceOrientations_iPad = "UIInterfaceOrientationPortrait UIInterfaceOrientationPortraitUpsideDown UIInterfaceOrientationLandscapeLeft UIInterfaceOrientationLandscapeRight";
				INFOPLIST_KEY_UISupportedInterfaceOrientations_iPhone = "UIInterfaceOrientationPortrait UIInterfaceOrientationLandscapeLeft UIInterfaceOrientationLandscapeRight";
				LD_RUNPATH_SEARCH_PATHS = (
					"$(inherited)",
					"@executable_path/Frameworks",
				);
				MARKETING_VERSION = 1.0;
				PRODUCT_BUNDLE_IDENTIFIER = com.Lesson.GBShop;
				PRODUCT_NAME = "$(TARGET_NAME)";
				SWIFT_EMIT_LOC_STRINGS = YES;
				SWIFT_VERSION = 5.0;
				TARGETED_DEVICE_FAMILY = "1,2";
			};
			name = Release;
		};
		A156914828AEB3170001D5DE /* Debug */ = {
			isa = XCBuildConfiguration;
			buildSettings = {
				ALWAYS_EMBED_SWIFT_STANDARD_LIBRARIES = YES;
				BUNDLE_LOADER = "$(TEST_HOST)";
				CODE_SIGN_STYLE = Automatic;
				CURRENT_PROJECT_VERSION = 1;
				GENERATE_INFOPLIST_FILE = YES;
				IPHONEOS_DEPLOYMENT_TARGET = 15.2;
				MARKETING_VERSION = 1.0;
				PRODUCT_BUNDLE_IDENTIFIER = com.Lesson.GBShopTests;
				PRODUCT_NAME = "$(TARGET_NAME)";
				SWIFT_EMIT_LOC_STRINGS = NO;
				SWIFT_VERSION = 5.0;
				TARGETED_DEVICE_FAMILY = "1,2";
				TEST_HOST = "$(BUILT_PRODUCTS_DIR)/GBShop.app/GBShop";
			};
			name = Debug;
		};
		A156914928AEB3170001D5DE /* Release */ = {
			isa = XCBuildConfiguration;
			buildSettings = {
				ALWAYS_EMBED_SWIFT_STANDARD_LIBRARIES = YES;
				BUNDLE_LOADER = "$(TEST_HOST)";
				CODE_SIGN_STYLE = Automatic;
				CURRENT_PROJECT_VERSION = 1;
				GENERATE_INFOPLIST_FILE = YES;
				IPHONEOS_DEPLOYMENT_TARGET = 15.2;
				MARKETING_VERSION = 1.0;
				PRODUCT_BUNDLE_IDENTIFIER = com.Lesson.GBShopTests;
				PRODUCT_NAME = "$(TARGET_NAME)";
				SWIFT_EMIT_LOC_STRINGS = NO;
				SWIFT_VERSION = 5.0;
				TARGETED_DEVICE_FAMILY = "1,2";
				TEST_HOST = "$(BUILT_PRODUCTS_DIR)/GBShop.app/GBShop";
			};
			name = Release;
		};
		A156914B28AEB3170001D5DE /* Debug */ = {
			isa = XCBuildConfiguration;
			buildSettings = {
				ALWAYS_EMBED_SWIFT_STANDARD_LIBRARIES = YES;
				CODE_SIGN_STYLE = Automatic;
				CURRENT_PROJECT_VERSION = 1;
				GENERATE_INFOPLIST_FILE = YES;
				MARKETING_VERSION = 1.0;
				PRODUCT_BUNDLE_IDENTIFIER = com.Lesson.GBShopUITests;
				PRODUCT_NAME = "$(TARGET_NAME)";
				SWIFT_EMIT_LOC_STRINGS = NO;
				SWIFT_VERSION = 5.0;
				TARGETED_DEVICE_FAMILY = "1,2";
				TEST_TARGET_NAME = GBShop;
			};
			name = Debug;
		};
		A156914C28AEB3170001D5DE /* Release */ = {
			isa = XCBuildConfiguration;
			buildSettings = {
				ALWAYS_EMBED_SWIFT_STANDARD_LIBRARIES = YES;
				CODE_SIGN_STYLE = Automatic;
				CURRENT_PROJECT_VERSION = 1;
				GENERATE_INFOPLIST_FILE = YES;
				MARKETING_VERSION = 1.0;
				PRODUCT_BUNDLE_IDENTIFIER = com.Lesson.GBShopUITests;
				PRODUCT_NAME = "$(TARGET_NAME)";
				SWIFT_EMIT_LOC_STRINGS = NO;
				SWIFT_VERSION = 5.0;
				TARGETED_DEVICE_FAMILY = "1,2";
				TEST_TARGET_NAME = GBShop;
			};
			name = Release;
		};
/* End XCBuildConfiguration section */

/* Begin XCConfigurationList section */
		A156911528AEB3150001D5DE /* Build configuration list for PBXProject "GBShop" */ = {
			isa = XCConfigurationList;
			buildConfigurations = (
				A156914228AEB3170001D5DE /* Debug */,
				A156914328AEB3170001D5DE /* Release */,
			);
			defaultConfigurationIsVisible = 0;
			defaultConfigurationName = Release;
		};
		A156914428AEB3170001D5DE /* Build configuration list for PBXNativeTarget "GBShop" */ = {
			isa = XCConfigurationList;
			buildConfigurations = (
				A156914528AEB3170001D5DE /* Debug */,
				A156914628AEB3170001D5DE /* Release */,
			);
			defaultConfigurationIsVisible = 0;
			defaultConfigurationName = Release;
		};
		A156914728AEB3170001D5DE /* Build configuration list for PBXNativeTarget "GBShopTests" */ = {
			isa = XCConfigurationList;
			buildConfigurations = (
				A156914828AEB3170001D5DE /* Debug */,
				A156914928AEB3170001D5DE /* Release */,
			);
			defaultConfigurationIsVisible = 0;
			defaultConfigurationName = Release;
		};
		A156914A28AEB3170001D5DE /* Build configuration list for PBXNativeTarget "GBShopUITests" */ = {
			isa = XCConfigurationList;
			buildConfigurations = (
				A156914B28AEB3170001D5DE /* Debug */,
				A156914C28AEB3170001D5DE /* Release */,
			);
			defaultConfigurationIsVisible = 0;
			defaultConfigurationName = Release;
		};
/* End XCConfigurationList section */
	};
	rootObject = A156911228AEB3150001D5DE /* Project object */;
}
